<Solution>
  <Folder Name="/src/">
    <Project Path="src/GitSail.Analyzers/GitSail.Analyzers.csproj" />
    <Project Path="src/GitSail.ToolLauncher/GitSail.ToolLauncher.csproj" />
    <Project Path="src/GitSail/GitSail.csproj" />
  </Folder>
  <Folder Name="/tests/">
    <Project Path="tests/GitSail.Analyzers.Tests/GitSail.Analyzers.Tests.csproj" />
    <Project Path="tests/GitSail.AotTests/GitSail.AotTests.csproj" />
    <Project Path="tests/GitSail.CompatibilityTests/GitSail.CompatibilityTests.csproj" />
    <Project Path="tests/GitSail.PackageTests/GitSail.PackageTests.csproj" />
    <Project Path="tests/GitSail.PerformanceTests/GitSail.PerformanceTests.csproj" />
    <Project Path="tests/GitSail.SecurityTests/GitSail.SecurityTests.csproj" />
    <Project Path="tests/GitSail.ServiceTests/GitSail.ServiceTests.csproj" />
    <Project Path="tests/GitSail.UiTests/GitSail.UiTests.csproj" />
    <Project Path="tests/GitSail.UnitTests/GitSail.UnitTests.csproj" />
  </Folder>
  <Folder Name="/tools/">
    <Project Path="tools/GitSail.BuildTools/GitSail.BuildTools.csproj" />
  </Folder>
</Solution>
